// !$*UTF8*$!
{
	archiveVersion = 1;
	classes = {
	};
	objectVersion = 50;
	objects = {

/* Begin PBXBuildFile section */
		F28BFEB226A96405004D2337 /* AppDelegate.swift in Sources */ = {isa = PBXBuildFile; fileRef = F28BFEB126A96405004D2337 /* AppDelegate.swift */; };
		F28BFEB426A96405004D2337 /* SceneDelegate.swift in Sources */ = {isa = PBXBuildFile; fileRef = F28BFEB326A96405004D2337 /* SceneDelegate.swift */; };
		F28BFEB626A96405004D2337 /* ViewController.swift in Sources */ = {isa = PBXBuildFile; fileRef = F28BFEB526A96405004D2337 /* ViewController.swift */; };
		F28BFEB926A96405004D2337 /* Main.storyboard in Resources */ = {isa = PBXBuildFile; fileRef = F28BFEB726A96405004D2337 /* Main.storyboard */; };
		F28BFEBB26A96407004D2337 /* Assets.xcassets in Resources */ = {isa = PBXBuildFile; fileRef = F28BFEBA26A96407004D2337 /* Assets.xcassets */; };
		F28BFEBE26A96407004D2337 /* LaunchScreen.storyboard in Resources */ = {isa = PBXBuildFile; fileRef = F28BFEBC26A96407004D2337 /* LaunchScreen.storyboard */; };
/* End PBXBuildFile section */

/* Begin PBXFileReference section */
		F28BFEAE26A96405004D2337 /* Scene-Trans02.app */ = {isa = PBXFileReference; explicitFileType = wrapper.application; includeInIndex = 0; path = "Scene-Trans02.app"; sourceTree = BUILT_PRODUCTS_DIR; };
		F28BFEB126A96405004D2337 /* AppDelegate.swift */ = {isa = PBXFileReference; lastKnownFileType = sourcecode.swift; path = AppDelegate.swift; sourceTree = "<group>"; };
		F28BFEB326A96405004D2337 /* SceneDelegate.swift */ = {isa = PBXFileReference; lastKnownFileType = sourcecode.swift; path = SceneDelegate.swift; sourceTree = "<group>"; };
		F28BFEB526A96405004D2337 /* ViewController.swift */ = {isa = PBXFileReference; lastKnownFileType = sourcecode.swift; path = ViewController.swift; sourceTree = "<group>"; };
		F28BFEB826A96405004D2337 /* Base */ = {isa = PBXFileReference; lastKnownFileType = file.storyboard; name = Base; path = Base.lproj/Main.storyboard; sourceTree = "<group>"; };
		F28BFEBA26A96407004D2337 /* Assets.xcassets */ = {isa = PBXFileReference; lastKnownFileType = folder.assetcatalog; path = Assets.xcassets; sourceTree = "<group>"; };
		F28BFEBD26A96407004D2337 /* Base */ = {isa = PBXFileReference; lastKnownFileType = file.storyboard; name = Base; path = Base.lproj/LaunchScreen.storyboard; sourceTree = "<group>"; };
		F28BFEBF26A96407004D2337 /* Info.plist */ = {isa = PBXFileReference; lastKnownFileType = text.plist.xml; path = Info.plist; sourceTree = "<group>"; };
/* End PBXFileReference section */

/* Begin PBXFrameworksBuildPhase section */
		F28BFEAB26A96405004D2337 /* Frameworks */ = {
			isa = PBXFrameworksBuildPhase;
			buildActionMask = 2147483647;
			files = (
			);
			runOnlyForDeploymentPostprocessing = 0;
		};
/* End PBXFrameworksBuildPhase section */

/* Begin PBXGroup section */
		F28BFEA526A96405004D2337 = {
			isa = PBXGroup;
			children = (
				F28BFEB026A96405004D2337 /* Scene-Trans02 */,
				F28BFEAF26A96405004D2337 /* Products */,
			);
			sourceTree = "<group>";
		};
		F28BFEAF26A96405004D2337 /* Products */ = {
			isa = PBXGroup;
			children = (
				F28BFEAE26A96405004D2337 /* Scene-Trans02.app */,
			);
			name = Products;
			sourceTree = "<group>";
		};
		F28BFEB026A96405004D2337 /* Scene-Trans02 */ = {
			isa = PBXGroup;
			children = (
				F28BFEB126A96405004D2337 /* AppDelegate.swift */,
				F28BFEB326A96405004D2337 /* SceneDelegate.swift */,
				F28BFEB526A96405004D2337 /* ViewController.swift */,
				F28BFEB726A96405004D2337 /* Main.storyboard */,
				F28BFEBA26A96407004D2337 /* Assets.xcassets */,
				F28BFEBC26A96407004D2337 /* LaunchScreen.storyboard */,
				F28BFEBF26A96407004D2337 /* Info.plist */,
			);
			path = "Scene-Trans02";
			sourceTree = "<group>";
		};
/* End PBXGroup section */

/* Begin PBXNativeTarget section */
		F28BFEAD26A96405004D2337 /* Scene-Trans02 */ = {
			isa = PBXNativeTarget;
			buildConfigurationList = F28BFEC226A96407004D2337 /* Build configuration list for PBXNativeTarget "Scene-Trans02" */;
			buildPhases = (
				F28BFEAA26A96405004D2337 /* Sources */,
				F28BFEAB26A96405004D2337 /* Frameworks */,
				F28BFEAC26A96405004D2337 /* Resources */,
			);
			buildRules = (
			);
			dependencies = (
			);
			name = "Scene-Trans02";
			productName = "Scene-Trans02";
			productReference = F28BFEAE26A96405004D2337 /* Scene-Trans02.app */;
			productType = "com.apple.product-type.application";
		};
/* End PBXNativeTarget section */

/* Begin PBXProject section */
		F28BFEA626A96405004D2337 /* Project object */ = {
			isa = PBXProject;
			attributes = {
				LastSwiftUpdateCheck = 1240;
				LastUpgradeCheck = 1240;
				TargetAttributes = {
					F28BFEAD26A96405004D2337 = {
						CreatedOnToolsVersion = 12.4;
					};
				};
			};
			buildConfigurationList = F28BFEA926A96405004D2337 /* Build configuration list for PBXProject "Scene-Trans02" */;
			compatibilityVersion = "Xcode 9.3";
			developmentRegion = en;
			hasScannedForEncodings = 0;
			knownRegions = (
				en,
				Base,
			);
			mainGroup = F28BFEA526A96405004D2337;
			productRefGroup = F28BFEAF26A96405004D2337 /* Products */;
			projectDirPath = "";
			projectRoot = "";
			targets = (
				F28BFEAD26A96405004D2337 /* Scene-Trans02 */,
			);
		};
/* End PBXProject section */

/* Begin PBXResourcesBuildPhase section */
		F28BFEAC26A96405004D2337 /* Resources */ = {
			isa = PBXResourcesBuildPhase;
			buildActionMask = 2147483647;
			files = (
				F28BFEBE26A96407004D2337 /* LaunchScreen.storyboard in Resources */,
				F28BFEBB26A96407004D2337 /* Assets.xcassets in Resources */,
				F28BFEB926A96405004D2337 /* Main.storyboard in Resources */,
			);
			runOnlyForDeploymentPostprocessing = 0;
		};
/* End PBXResourcesBuildPhase section */

/* Begin PBXSourcesBuildPhase section */
		F28BFEAA26A96405004D2337 /* Sources */ = {
			isa = PBXSourcesBuildPhase;
			buildActionMask = 2147483647;
			files = (
				F28BFEB626A96405004D2337 /* ViewController.swift in Sources */,
				F28BFEB226A96405004D2337 /* AppDelegate.swift in Sources */,
				F28BFEB426A96405004D2337 /* SceneDelegate.swift in Sources */,
			);
			runOnlyForDeploymentPostprocessing = 0;
		};
/* End PBXSourcesBuildPhase section */

/* Begin PBXVariantGroup section */
		F28BFEB726A96405004D2337 /* Main.storyboard */ = {
			isa = PBXVariantGroup;
			children = (
				F28BFEB826A96405004D2337 /* Base */,
			);
			name = Main.storyboard;
			sourceTree = "<group>";
		};
		F28BFEBC26A96407004D2337 /* LaunchScreen.storyboard */ = {
			isa = PBXVariantGroup;
			children = (
				F28BFEBD26A96407004D2337 /* Base */,
			);
			name = LaunchScreen.storyboard;
			sourceTree = "<group>";
		};
/* End PBXVariantGroup section */

/* Begin XCBuildConfiguration section */
		F28BFEC026A96407004D2337 /* Debug */ = {
			isa = XCBuildConfiguration;
			buildSettings = {
				ALWAYS_SEARCH_USER_PATHS = NO;
				CLANG_ANALYZER_NONNULL = YES;
				CLANG_ANALYZER_NUMBER_OBJECT_CONVERSION = YES_AGGRESSIVE;
				CLANG_CXX_LANGUAGE_STANDARD = "gnu++14";
				CLANG_CXX_LIBRARY = "libc++";
				CLANG_ENABLE_MODULES = YES;
				CLANG_ENABLE_OBJC_ARC = YES;
				CLANG_ENABLE_OBJC_WEAK = YES;
				CLANG_WARN_BLOCK_CAPTURE_AUTORELEASING = YES;
				CLANG_WARN_BOOL_CONVERSION = YES;
				CLANG_WARN_COMMA = YES;
				CLANG_WARN_CONSTANT_CONVERSION = YES;
				CLANG_WARN_DEPRECATED_OBJC_IMPLEMENTATIONS = YES;
				CLANG_WARN_DIRECT_OBJC_ISA_USAGE = YES_ERROR;
				CLANG_WARN_DOCUMENTATION_COMMENTS = YES;
				CLANG_WARN_EMPTY_BODY = YES;
				CLANG_WARN_ENUM_CONVERSION = YES;
				CLANG_WARN_INFINITE_RECURSION = YES;
				CLANG_WARN_INT_CONVERSION = YES;
				CLANG_WARN_NON_LITERAL_NULL_CONVERSION = YES;
				CLANG_WARN_OBJC_IMPLICIT_RETAIN_SELF = YES;
				CLANG_WARN_OBJC_LITERAL_CONVERSION = YES;
				CLANG_WARN_OBJC_ROOT_CLASS = YES_ERROR;
				CLANG_WARN_QUOTED_INCLUDE_IN_FRAMEWORK_HEADER = YES;
				CLANG_WARN_RANGE_LOOP_ANALYSIS = YES;
				CLANG_WARN_STRICT_PROTOTYPES = YES;
				CLANG_WARN_SUSPICIOUS_MOVE = YES;
				CLANG_WARN_UNGUARDED_AVAILABILITY = YES_AGGRESSIVE;
				CLANG_WARN_UNREACHABLE_CODE = YES;
				CLANG_WARN__DUPLICATE_METHOD_MATCH = YES;
				COPY_PHASE_STRIP = NO;
				DEBUG_INFORMATION_FORMAT = dwarf;
				ENABLE_STRICT_OBJC_MSGSEND = YES;
				ENABLE_TESTABILITY = YES;
				GCC_C_LANGUAGE_STANDARD = gnu11;
				GCC_DYNAMIC_NO_PIC = NO;
				GCC_NO_COMMON_BLOCKS = YES;
				GCC_OPTIMIZATION_LEVEL = 0;
				GCC_PREPROCESSOR_DEFINITIONS = (
					"DEBUG=1",
					"$(inherited)",
				);
				GCC_WARN_64_TO_32_BIT_CONVERSION = YES;
				GCC_WARN_ABOUT_RETURN_TYPE = YES_ERROR;
				GCC_WARN_UNDECLARED_SELECTOR = YES;
				GCC_WARN_UNINITIALIZED_AUTOS = YES_AGGRESSIVE;
				GCC_WARN_UNUSED_FUNCTION = YES;
				GCC_WARN_UNUSED_VARIABLE = YES;
				IPHONEOS_DEPLOYMENT_TARGET = 14.4;
				MTL_ENABLE_DEBUG_INFO = INCLUDE_SOURCE;
				MTL_FAST_MATH = YES;
				ONLY_ACTIVE_ARCH = YES;
				SDKROOT = iphoneos;
				SWIFT_ACTIVE_COMPILATION_CONDITIONS = DEBUG;
				SWIFT_OPTIMIZATION_LEVEL = "-Onone";
			};
			name = Debug;
		};
		F28BFEC126A96407004D2337 /* Release */ = {
			isa = XCBuildConfiguration;
			buildSettings = {
				ALWAYS_SEARCH_USER_PATHS = NO;
				CLANG_ANALYZER_NONNULL = YES;
				CLANG_ANALYZER_NUMBER_OBJECT_CONVERSION = YES_AGGRESSIVE;
				CLANG_CXX_LANGUAGE_STANDARD = "gnu++14";
				CLANG_CXX_LIBRARY = "libc++";
				CLANG_ENABLE_MODULES = YES;
				CLANG_ENABLE_OBJC_ARC = YES;
				CLANG_ENABLE_OBJC_WEAK = YES;
				CLANG_WARN_BLOCK_CAPTURE_AUTORELEASING = YES;
				CLANG_WARN_BOOL_CONVERSION = YES;
				CLANG_WARN_COMMA = YES;
				CLANG_WARN_CONSTANT_CONVERSION = YES;
				CLANG_WARN_DEPRECATED_OBJC_IMPLEMENTATIONS = YES;
				CLANG_WARN_DIRECT_OBJC_ISA_USAGE = YES_ERROR;
				CLANG_WARN_DOCUMENTATION_COMMENTS = YES;
				CLANG_WARN_EMPTY_BODY = YES;
				CLANG_WARN_ENUM_CONVERSION = YES;
				CLANG_WARN_INFINITE_RECURSION = YES;
				CLANG_WARN_INT_CONVERSION = YES;
				CLANG_WARN_NON_LITERAL_NULL_CONVERSION = YES;
				CLANG_WARN_OBJC_IMPLICIT_RETAIN_SELF = YES;
				CLANG_WARN_OBJC_LITERAL_CONVERSION = YES;
				CLANG_WARN_OBJC_ROOT_CLASS = YES_ERROR;
				CLANG_WARN_QUOTED_INCLUDE_IN_FRAMEWORK_HEADER = YES;
				CLANG_WARN_RANGE_LOOP_ANALYSIS = YES;
				CLANG_WARN_STRICT_PROTOTYPES = YES;
				CLANG_WARN_SUSPICIOUS_MOVE = YES;
				CLANG_WARN_UNGUARDED_AVAILABILITY = YES_AGGRESSIVE;
				CLANG_WARN_UNREACHABLE_CODE = YES;
				CLANG_WARN__DUPLICATE_METHOD_MATCH = YES;
				COPY_PHASE_STRIP = NO;
				DEBUG_INFORMATION_FORMAT = "dwarf-with-dsym";
				ENABLE_NS_ASSERTIONS = NO;
				ENABLE_STRICT_OBJC_MSGSEND = YES;
				GCC_C_LANGUAGE_STANDARD = gnu11;
				GCC_NO_COMMON_BLOCKS = YES;
				GCC_WARN_64_TO_32_BIT_CONVERSION = YES;
				GCC_WARN_ABOUT_RETURN_TYPE = YES_ERROR;
				GCC_WARN_UNDECLARED_SELECTOR = YES;
				GCC_WARN_UNINITIALIZED_AUTOS = YES_AGGRESSIVE;
				GCC_WARN_UNUSED_FUNCTION = YES;
				GCC_WARN_UNUSED_VARIABLE = YES;
				IPHONEOS_DEPLOYMENT_TARGET = 14.4;
				MTL_ENABLE_DEBUG_INFO = NO;
				MTL_FAST_MATH = YES;
				SDKROOT = iphoneos;
				SWIFT_COMPILATION_MODE = wholemodule;
				SWIFT_OPTIMIZATION_LEVEL = "-O";
				VALIDATE_PRODUCT = YES;
			};
			name = Release;
		};
		F28BFEC326A96407004D2337 /* Debug */ = {
			isa = XCBuildConfiguration;
			buildSettings = {
				ASSETCATALOG_COMPILER_APPICON_NAME = AppIcon;
				ASSETCATALOG_COMPILER_GLOBAL_ACCENT_COLOR_NAME = AccentColor;
				CODE_SIGN_STYLE = Automatic;
				DEVELOPMENT_TEAM = 36W7B8B2BJ;
				INFOPLIST_FILE = "Scene-Trans02/Info.plist";
				LD_RUNPATH_SEARCH_PATHS = (
					"$(inherited)",
					"@executable_path/Frameworks",
				);
				PRODUCT_BUNDLE_IDENTIFIER = "com.ujeon.Scene-Trans02";
				PRODUCT_NAME = "$(TARGET_NAME)";
				SWIFT_VERSION = 5.0;
				TARGETED_DEVICE_FAMILY = "1,2";
			};
			name = Debug;
		};
		F28BFEC426A96407004D2337 /* Release */ = {
			isa = XCBuildConfiguration;
			buildSettings = {
				ASSETCATALOG_COMPILER_APPICON_NAME = AppIcon;
				ASSETCATALOG_COMPILER_GLOBAL_ACCENT_COLOR_NAME = AccentColor;
				CODE_SIGN_STYLE = Automatic;
				DEVELOPMENT_TEAM = 36W7B8B2BJ;
				INFOPLIST_FILE = "Scene-Trans02/Info.plist";
				LD_RUNPATH_SEARCH_PATHS = (
					"$(inherited)",
					"@executable_path/Frameworks",
				);
				PRODUCT_BUNDLE_IDENTIFIER = "com.ujeon.Scene-Trans02";
				PRODUCT_NAME = "$(TARGET_NAME)";
				SWIFT_VERSION = 5.0;
				TARGETED_DEVICE_FAMILY = "1,2";
			};
			name = Release;
		};
/* End XCBuildConfiguration section */

/* Begin XCConfigurationList section */
		F28BFEA926A96405004D2337 /* Build configuration list for PBXProject "Scene-Trans02" */ = {
			isa = XCConfigurationList;
			buildConfigurations = (
				F28BFEC026A96407004D2337 /* Debug */,
				F28BFEC126A96407004D2337 /* Release */,
			);
			defaultConfigurationIsVisible = 0;
			defaultConfigurationName = Release;
		};
		F28BFEC226A96407004D2337 /* Build configuration list for PBXNativeTarget "Scene-Trans02" */ = {
			isa = XCConfigurationList;
			buildConfigurations = (
				F28BFEC326A96407004D2337 /* Debug */,
				F28BFEC426A96407004D2337 /* Release */,
			);
			defaultConfigurationIsVisible = 0;
			defaultConfigurationName = Release;
		};
/* End XCConfigurationList section */
	};
	rootObject = F28BFEA626A96405004D2337 /* Project object */;
}
